
Microsoft Visual Studio Solution File, Format Version 12.00
# Visual Studio Version 17
VisualStudioVersion = 17.14.36518.9 d17.14
MinimumVisualStudioVersion = 10.0.40219.1
Project("{FAE04EC0-301F-11D3-BF4B-00C04F79EFBC}") = "Data_Analyse_MVC", "Data_Analyse_MVC\Data_Analyse_MVC.csproj", "{561F33CB-BD4F-4A5E-BADE-8BB19DAF0738}"
EndProject
Global
	GlobalSection(SolutionConfigurationPlatforms) = preSolution
		Debug|Any CPU = Debug|Any CPU
		Release|Any CPU = Release|Any CPU
	EndGlobalSection
	GlobalSection(ProjectConfigurationPlatforms) = postSolution
		{561F33CB-BD4F-4A5E-BADE-8BB19DAF0738}.Debug|Any CPU.ActiveCfg = Debug|Any CPU
		{561F33CB-BD4F-4A5E-BADE-8BB19DAF0738}.Debug|Any CPU.Build.0 = Debug|Any CPU
		{561F33CB-BD4F-4A5E-BADE-8BB19DAF0738}.Release|Any CPU.ActiveCfg = Release|Any CPU
		{561F33CB-BD4F-4A5E-BADE-8BB19DAF0738}.Release|Any CPU.Build.0 = Release|Any CPU
	EndGlobalSection
	GlobalSection(SolutionProperties) = preSolution
		HideSolutionNode = FALSE
	EndGlobalSection
	GlobalSection(ExtensibilityGlobals) = postSolution
		SolutionGuid = {3DC0DD14-5AEE-4073-A6E9-B04CF495312C}
	EndGlobalSection
EndGlobal
